// !$*UTF8*$!
{
	archiveVersion = 1;
	classes = {
	};
	objectVersion = 56;
	objects = {

/* Begin PBXBuildFile section */
		26E9AA372A72502500196506 /* AppDelegate.swift in Sources */ = {isa = PBXBuildFile; fileRef = 26E9AA362A72502500196506 /* AppDelegate.swift */; };
		26E9AA392A72502500196506 /* SceneDelegate.swift in Sources */ = {isa = PBXBuildFile; fileRef = 26E9AA382A72502500196506 /* SceneDelegate.swift */; };
		26E9AA3B2A72502500196506 /* FirstTableViewController.swift in Sources */ = {isa = PBXBuildFile; fileRef = 26E9AA3A2A72502500196506 /* FirstTableViewController.swift */; };
		26E9AA3E2A72502500196506 /* Main.storyboard in Resources */ = {isa = PBXBuildFile; fileRef = 26E9AA3C2A72502500196506 /* Main.storyboard */; };
		26E9AA402A72502700196506 /* Assets.xcassets in Resources */ = {isa = PBXBuildFile; fileRef = 26E9AA3F2A72502700196506 /* Assets.xcassets */; };
		26E9AA432A72502700196506 /* LaunchScreen.storyboard in Resources */ = {isa = PBXBuildFile; fileRef = 26E9AA412A72502700196506 /* LaunchScreen.storyboard */; };
		26E9AA4B2A7254F200196506 /* SecondStoryboard.storyboard in Resources */ = {isa = PBXBuildFile; fileRef = 26E9AA4A2A7254F200196506 /* SecondStoryboard.storyboard */; };
		26E9AA502A72568500196506 /* SecondTableViewController.swift in Sources */ = {isa = PBXBuildFile; fileRef = 26E9AA4F2A72568500196506 /* SecondTableViewController.swift */; };
		26E9AA532A725C6800196506 /* SectionEnum.swift in Sources */ = {isa = PBXBuildFile; fileRef = 26E9AA522A725C6800196506 /* SectionEnum.swift */; };
		26E9AA552A72657300196506 /* ThirdStoryBoard.storyboard in Resources */ = {isa = PBXBuildFile; fileRef = 26E9AA542A72657300196506 /* ThirdStoryBoard.storyboard */; };
		26E9AA572A72683A00196506 /* ThirdTableViewController.swift in Sources */ = {isa = PBXBuildFile; fileRef = 26E9AA562A72683A00196506 /* ThirdTableViewController.swift */; };
/* End PBXBuildFile section */

/* Begin PBXFileReference section */
		26E9AA332A72502500196506 /* settingTableView.app */ = {isa = PBXFileReference; explicitFileType = wrapper.application; includeInIndex = 0; path = settingTableView.app; sourceTree = BUILT_PRODUCTS_DIR; };
		26E9AA362A72502500196506 /* AppDelegate.swift */ = {isa = PBXFileReference; lastKnownFileType = sourcecode.swift; path = AppDelegate.swift; sourceTree = "<group>"; };
		26E9AA382A72502500196506 /* SceneDelegate.swift */ = {isa = PBXFileReference; lastKnownFileType = sourcecode.swift; path = SceneDelegate.swift; sourceTree = "<group>"; };
		26E9AA3A2A72502500196506 /* FirstTableViewController.swift */ = {isa = PBXFileReference; lastKnownFileType = sourcecode.swift; path = FirstTableViewController.swift; sourceTree = "<group>"; };
		26E9AA3D2A72502500196506 /* Base */ = {isa = PBXFileReference; lastKnownFileType = file.storyboard; name = Base; path = Base.lproj/Main.storyboard; sourceTree = "<group>"; };
		26E9AA3F2A72502700196506 /* Assets.xcassets */ = {isa = PBXFileReference; lastKnownFileType = folder.assetcatalog; path = Assets.xcassets; sourceTree = "<group>"; };
		26E9AA422A72502700196506 /* Base */ = {isa = PBXFileReference; lastKnownFileType = file.storyboard; name = Base; path = Base.lproj/LaunchScreen.storyboard; sourceTree = "<group>"; };
		26E9AA442A72502700196506 /* Info.plist */ = {isa = PBXFileReference; lastKnownFileType = text.plist.xml; path = Info.plist; sourceTree = "<group>"; };
		26E9AA4A2A7254F200196506 /* SecondStoryboard.storyboard */ = {isa = PBXFileReference; lastKnownFileType = file.storyboard; path = SecondStoryboard.storyboard; sourceTree = "<group>"; };
		26E9AA4F2A72568500196506 /* SecondTableViewController.swift */ = {isa = PBXFileReference; lastKnownFileType = sourcecode.swift; path = SecondTableViewController.swift; sourceTree = "<group>"; };
		26E9AA522A725C6800196506 /* SectionEnum.swift */ = {isa = PBXFileReference; lastKnownFileType = sourcecode.swift; path = SectionEnum.swift; sourceTree = "<group>"; };
		26E9AA542A72657300196506 /* ThirdStoryBoard.storyboard */ = {isa = PBXFileReference; lastKnownFileType = file.storyboard; path = ThirdStoryBoard.storyboard; sourceTree = "<group>"; };
		26E9AA562A72683A00196506 /* ThirdTableViewController.swift */ = {isa = PBXFileReference; lastKnownFileType = sourcecode.swift; path = ThirdTableViewController.swift; sourceTree = "<group>"; };
/* End PBXFileReference section */

/* Begin PBXFrameworksBuildPhase section */
		26E9AA302A72502500196506 /* Frameworks */ = {
			isa = PBXFrameworksBuildPhase;
			buildActionMask = 2147483647;
			files = (
			);
			runOnlyForDeploymentPostprocessing = 0;
		};
/* End PBXFrameworksBuildPhase section */

/* Begin PBXGroup section */
		26E9AA2A2A72502500196506 = {
			isa = PBXGroup;
			children = (
				26E9AA352A72502500196506 /* settingTableView */,
				26E9AA342A72502500196506 /* Products */,
			);
			sourceTree = "<group>";
		};
		26E9AA342A72502500196506 /* Products */ = {
			isa = PBXGroup;
			children = (
				26E9AA332A72502500196506 /* settingTableView.app */,
			);
			name = Products;
			sourceTree = "<group>";
		};
		26E9AA352A72502500196506 /* settingTableView */ = {
			isa = PBXGroup;
			children = (
				26E9AA512A725C5900196506 /* Enum */,
				26E9AA4E2A72566400196506 /* thirdTab */,
				26E9AA4D2A72565F00196506 /* secondTab */,
				26E9AA4C2A72565700196506 /* firstTab */,
				26E9AA362A72502500196506 /* AppDelegate.swift */,
				26E9AA382A72502500196506 /* SceneDelegate.swift */,
				26E9AA3C2A72502500196506 /* Main.storyboard */,
				26E9AA3F2A72502700196506 /* Assets.xcassets */,
				26E9AA412A72502700196506 /* LaunchScreen.storyboard */,
				26E9AA442A72502700196506 /* Info.plist */,
			);
			path = settingTableView;
			sourceTree = "<group>";
		};
		26E9AA4C2A72565700196506 /* firstTab */ = {
			isa = PBXGroup;
			children = (
				26E9AA3A2A72502500196506 /* FirstTableViewController.swift */,
			);
			path = firstTab;
			sourceTree = "<group>";
		};
		26E9AA4D2A72565F00196506 /* secondTab */ = {
			isa = PBXGroup;
			children = (
				26E9AA4A2A7254F200196506 /* SecondStoryboard.storyboard */,
				26E9AA4F2A72568500196506 /* SecondTableViewController.swift */,
			);
			path = secondTab;
			sourceTree = "<group>";
		};
		26E9AA4E2A72566400196506 /* thirdTab */ = {
			isa = PBXGroup;
			children = (
				26E9AA542A72657300196506 /* ThirdStoryBoard.storyboard */,
				26E9AA562A72683A00196506 /* ThirdTableViewController.swift */,
			);
			path = thirdTab;
			sourceTree = "<group>";
		};
		26E9AA512A725C5900196506 /* Enum */ = {
			isa = PBXGroup;
			children = (
				26E9AA522A725C6800196506 /* SectionEnum.swift */,
			);
			path = Enum;
			sourceTree = "<group>";
		};
/* End PBXGroup section */

/* Begin PBXNativeTarget section */
		26E9AA322A72502500196506 /* settingTableView */ = {
			isa = PBXNativeTarget;
			buildConfigurationList = 26E9AA472A72502700196506 /* Build configuration list for PBXNativeTarget "settingTableView" */;
			buildPhases = (
				26E9AA2F2A72502500196506 /* Sources */,
				26E9AA302A72502500196506 /* Frameworks */,
				26E9AA312A72502500196506 /* Resources */,
			);
			buildRules = (
			);
			dependencies = (
			);
			name = settingTableView;
			productName = settingTableView;
			productReference = 26E9AA332A72502500196506 /* settingTableView.app */;
			productType = "com.apple.product-type.application";
		};
/* End PBXNativeTarget section */

/* Begin PBXProject section */
		26E9AA2B2A72502500196506 /* Project object */ = {
			isa = PBXProject;
			attributes = {
				BuildIndependentTargetsInParallel = 1;
				LastSwiftUpdateCheck = 1430;
				LastUpgradeCheck = 1430;
				TargetAttributes = {
					26E9AA322A72502500196506 = {
						CreatedOnToolsVersion = 14.3.1;
					};
				};
			};
			buildConfigurationList = 26E9AA2E2A72502500196506 /* Build configuration list for PBXProject "settingTableView" */;
			compatibilityVersion = "Xcode 14.0";
			developmentRegion = en;
			hasScannedForEncodings = 0;
			knownRegions = (
				en,
				Base,
			);
			mainGroup = 26E9AA2A2A72502500196506;
			productRefGroup = 26E9AA342A72502500196506 /* Products */;
			projectDirPath = "";
			projectRoot = "";
			targets = (
				26E9AA322A72502500196506 /* settingTableView */,
			);
		};
/* End PBXProject section */

/* Begin PBXResourcesBuildPhase section */
		26E9AA312A72502500196506 /* Resources */ = {
			isa = PBXResourcesBuildPhase;
			buildActionMask = 2147483647;
			files = (
				26E9AA432A72502700196506 /* LaunchScreen.storyboard in Resources */,
				26E9AA402A72502700196506 /* Assets.xcassets in Resources */,
				26E9AA3E2A72502500196506 /* Main.storyboard in Resources */,
				26E9AA552A72657300196506 /* ThirdStoryBoard.storyboard in Resources */,
				26E9AA4B2A7254F200196506 /* SecondStoryboard.storyboard in Resources */,
			);
			runOnlyForDeploymentPostprocessing = 0;
		};
/* End PBXResourcesBuildPhase section */

/* Begin PBXSourcesBuildPhase section */
		26E9AA2F2A72502500196506 /* Sources */ = {
			isa = PBXSourcesBuildPhase;
			buildActionMask = 2147483647;
			files = (
				26E9AA3B2A72502500196506 /* FirstTableViewController.swift in Sources */,
				26E9AA532A725C6800196506 /* SectionEnum.swift in Sources */,
				26E9AA502A72568500196506 /* SecondTableViewController.swift in Sources */,
				26E9AA372A72502500196506 /* AppDelegate.swift in Sources */,
				26E9AA392A72502500196506 /* SceneDelegate.swift in Sources */,
				26E9AA572A72683A00196506 /* ThirdTableViewController.swift in Sources */,
			);
			runOnlyForDeploymentPostprocessing = 0;
		};
/* End PBXSourcesBuildPhase section */

/* Begin PBXVariantGroup section */
		26E9AA3C2A72502500196506 /* Main.storyboard */ = {
			isa = PBXVariantGroup;
			children = (
				26E9AA3D2A72502500196506 /* Base */,
			);
			name = Main.storyboard;
			sourceTree = "<group>";
		};
		26E9AA412A72502700196506 /* LaunchScreen.storyboard */ = {
			isa = PBXVariantGroup;
			children = (
				26E9AA422A72502700196506 /* Base */,
			);
			name = LaunchScreen.storyboard;
			sourceTree = "<group>";
		};
/* End PBXVariantGroup section */

/* Begin XCBuildConfiguration section */
		26E9AA452A72502700196506 /* Debug */ = {
			isa = XCBuildConfiguration;
			buildSettings = {
				ALWAYS_SEARCH_USER_PATHS = NO;
				CLANG_ANALYZER_NONNULL = YES;
				CLANG_ANALYZER_NUMBER_OBJECT_CONVERSION = YES_AGGRESSIVE;
				CLANG_CXX_LANGUAGE_STANDARD = "gnu++20";
				CLANG_ENABLE_MODULES = YES;
				CLANG_ENABLE_OBJC_ARC = YES;
				CLANG_ENABLE_OBJC_WEAK = YES;
				CLANG_WARN_BLOCK_CAPTURE_AUTORELEASING = YES;
				CLANG_WARN_BOOL_CONVERSION = YES;
				CLANG_WARN_COMMA = YES;
				CLANG_WARN_CONSTANT_CONVERSION = YES;
				CLANG_WARN_DEPRECATED_OBJC_IMPLEMENTATIONS = YES;
				CLANG_WARN_DIRECT_OBJC_ISA_USAGE = YES_ERROR;
				CLANG_WARN_DOCUMENTATION_COMMENTS = YES;
				CLANG_WARN_EMPTY_BODY = YES;
				CLANG_WARN_ENUM_CONVERSION = YES;
				CLANG_WARN_INFINITE_RECURSION = YES;
				CLANG_WARN_INT_CONVERSION = YES;
				CLANG_WARN_NON_LITERAL_NULL_CONVERSION = YES;
				CLANG_WARN_OBJC_IMPLICIT_RETAIN_SELF = YES;
				CLANG_WARN_OBJC_LITERAL_CONVERSION = YES;
				CLANG_WARN_OBJC_ROOT_CLASS = YES_ERROR;
				CLANG_WARN_QUOTED_INCLUDE_IN_FRAMEWORK_HEADER = YES;
				CLANG_WARN_RANGE_LOOP_ANALYSIS = YES;
				CLANG_WARN_STRICT_PROTOTYPES = YES;
				CLANG_WARN_SUSPICIOUS_MOVE = YES;
				CLANG_WARN_UNGUARDED_AVAILABILITY = YES_AGGRESSIVE;
				CLANG_WARN_UNREACHABLE_CODE = YES;
				CLANG_WARN__DUPLICATE_METHOD_MATCH = YES;
				COPY_PHASE_STRIP = NO;
				DEBUG_INFORMATION_FORMAT = dwarf;
				ENABLE_STRICT_OBJC_MSGSEND = YES;
				ENABLE_TESTABILITY = YES;
				GCC_C_LANGUAGE_STANDARD = gnu11;
				GCC_DYNAMIC_NO_PIC = NO;
				GCC_NO_COMMON_BLOCKS = YES;
				GCC_OPTIMIZATION_LEVEL = 0;
				GCC_PREPROCESSOR_DEFINITIONS = (
					"DEBUG=1",
					"$(inherited)",
				);
				GCC_WARN_64_TO_32_BIT_CONVERSION = YES;
				GCC_WARN_ABOUT_RETURN_TYPE = YES_ERROR;
				GCC_WARN_UNDECLARED_SELECTOR = YES;
				GCC_WARN_UNINITIALIZED_AUTOS = YES_AGGRESSIVE;
				GCC_WARN_UNUSED_FUNCTION = YES;
				GCC_WARN_UNUSED_VARIABLE = YES;
				IPHONEOS_DEPLOYMENT_TARGET = 16.4;
				MTL_ENABLE_DEBUG_INFO = INCLUDE_SOURCE;
				MTL_FAST_MATH = YES;
				ONLY_ACTIVE_ARCH = YES;
				SDKROOT = iphoneos;
				SWIFT_ACTIVE_COMPILATION_CONDITIONS = DEBUG;
				SWIFT_OPTIMIZATION_LEVEL = "-Onone";
			};
			name = Debug;
		};
		26E9AA462A72502700196506 /* Release */ = {
			isa = XCBuildConfiguration;
			buildSettings = {
				ALWAYS_SEARCH_USER_PATHS = NO;
				CLANG_ANALYZER_NONNULL = YES;
				CLANG_ANALYZER_NUMBER_OBJECT_CONVERSION = YES_AGGRESSIVE;
				CLANG_CXX_LANGUAGE_STANDARD = "gnu++20";
				CLANG_ENABLE_MODULES = YES;
				CLANG_ENABLE_OBJC_ARC = YES;
				CLANG_ENABLE_OBJC_WEAK = YES;
				CLANG_WARN_BLOCK_CAPTURE_AUTORELEASING = YES;
				CLANG_WARN_BOOL_CONVERSION = YES;
				CLANG_WARN_COMMA = YES;
				CLANG_WARN_CONSTANT_CONVERSION = YES;
				CLANG_WARN_DEPRECATED_OBJC_IMPLEMENTATIONS = YES;
				CLANG_WARN_DIRECT_OBJC_ISA_USAGE = YES_ERROR;
				CLANG_WARN_DOCUMENTATION_COMMENTS = YES;
				CLANG_WARN_EMPTY_BODY = YES;
				CLANG_WARN_ENUM_CONVERSION = YES;
				CLANG_WARN_INFINITE_RECURSION = YES;
				CLANG_WARN_INT_CONVERSION = YES;
				CLANG_WARN_NON_LITERAL_NULL_CONVERSION = YES;
				CLANG_WARN_OBJC_IMPLICIT_RETAIN_SELF = YES;
				CLANG_WARN_OBJC_LITERAL_CONVERSION = YES;
				CLANG_WARN_OBJC_ROOT_CLASS = YES_ERROR;
				CLANG_WARN_QUOTED_INCLUDE_IN_FRAMEWORK_HEADER = YES;
				CLANG_WARN_RANGE_LOOP_ANALYSIS = YES;
				CLANG_WARN_STRICT_PROTOTYPES = YES;
				CLANG_WARN_SUSPICIOUS_MOVE = YES;
				CLANG_WARN_UNGUARDED_AVAILABILITY = YES_AGGRESSIVE;
				CLANG_WARN_UNREACHABLE_CODE = YES;
				CLANG_WARN__DUPLICATE_METHOD_MATCH = YES;
				COPY_PHASE_STRIP = NO;
				DEBUG_INFORMATION_FORMAT = "dwarf-with-dsym";
				ENABLE_NS_ASSERTIONS = NO;
				ENABLE_STRICT_OBJC_MSGSEND = YES;
				GCC_C_LANGUAGE_STANDARD = gnu11;
				GCC_NO_COMMON_BLOCKS = YES;
				GCC_WARN_64_TO_32_BIT_CONVERSION = YES;
				GCC_WARN_ABOUT_RETURN_TYPE = YES_ERROR;
				GCC_WARN_UNDECLARED_SELECTOR = YES;
				GCC_WARN_UNINITIALIZED_AUTOS = YES_AGGRESSIVE;
				GCC_WARN_UNUSED_FUNCTION = YES;
				GCC_WARN_UNUSED_VARIABLE = YES;
				IPHONEOS_DEPLOYMENT_TARGET = 16.4;
				MTL_ENABLE_DEBUG_INFO = NO;
				MTL_FAST_MATH = YES;
				SDKROOT = iphoneos;
				SWIFT_COMPILATION_MODE = wholemodule;
				SWIFT_OPTIMIZATION_LEVEL = "-O";
				VALIDATE_PRODUCT = YES;
			};
			name = Release;
		};
		26E9AA482A72502700196506 /* Debug */ = {
			isa = XCBuildConfiguration;
			buildSettings = {
				ASSETCATALOG_COMPILER_APPICON_NAME = AppIcon;
				ASSETCATALOG_COMPILER_GLOBAL_ACCENT_COLOR_NAME = AccentColor;
				CODE_SIGN_STYLE = Automatic;
				CURRENT_PROJECT_VERSION = 1;
				GENERATE_INFOPLIST_FILE = YES;
				INFOPLIST_FILE = settingTableView/Info.plist;
				INFOPLIST_KEY_UIApplicationSupportsIndirectInputEvents = YES;
				INFOPLIST_KEY_UILaunchStoryboardName = LaunchScreen;
				INFOPLIST_KEY_UIMainStoryboardFile = Main;
				INFOPLIST_KEY_UISupportedInterfaceOrientations_iPad = "UIInterfaceOrientationPortrait UIInterfaceOrientationPortraitUpsideDown UIInterfaceOrientationLandscapeLeft UIInterfaceOrientationLandscapeRight";
				INFOPLIST_KEY_UISupportedInterfaceOrientations_iPhone = "UIInterfaceOrientationPortrait UIInterfaceOrientationLandscapeLeft UIInterfaceOrientationLandscapeRight";
				IPHONEOS_DEPLOYMENT_TARGET = 16.0;
				LD_RUNPATH_SEARCH_PATHS = (
					"$(inherited)",
					"@executable_path/Frameworks",
				);
				MARKETING_VERSION = 1.0;
				PRODUCT_BUNDLE_IDENTIFIER = com.present.settingTableView;
				PRODUCT_NAME = "$(TARGET_NAME)";
				SWIFT_EMIT_LOC_STRINGS = YES;
				SWIFT_VERSION = 5.0;
				TARGETED_DEVICE_FAMILY = "1,2";
			};
			name = Debug;
		};
		26E9AA492A72502700196506 /* Release */ = {
			isa = XCBuildConfiguration;
			buildSettings = {
				ASSETCATALOG_COMPILER_APPICON_NAME = AppIcon;
				ASSETCATALOG_COMPILER_GLOBAL_ACCENT_COLOR_NAME = AccentColor;
				CODE_SIGN_STYLE = Automatic;
				CURRENT_PROJECT_VERSION = 1;
				GENERATE_INFOPLIST_FILE = YES;
				INFOPLIST_FILE = settingTableView/Info.plist;
				INFOPLIST_KEY_UIApplicationSupportsIndirectInputEvents = YES;
				INFOPLIST_KEY_UILaunchStoryboardName = LaunchScreen;
				INFOPLIST_KEY_UIMainStoryboardFile = Main;
				INFOPLIST_KEY_UISupportedInterfaceOrientations_iPad = "UIInterfaceOrientationPortrait UIInterfaceOrientationPortraitUpsideDown UIInterfaceOrientationLandscapeLeft UIInterfaceOrientationLandscapeRight";
				INFOPLIST_KEY_UISupportedInterfaceOrientations_iPhone = "UIInterfaceOrientationPortrait UIInterfaceOrientationLandscapeLeft UIInterfaceOrientationLandscapeRight";
				IPHONEOS_DEPLOYMENT_TARGET = 16.0;
				LD_RUNPATH_SEARCH_PATHS = (
					"$(inherited)",
					"@executable_path/Frameworks",
				);
				MARKETING_VERSION = 1.0;
				PRODUCT_BUNDLE_IDENTIFIER = com.present.settingTableView;
				PRODUCT_NAME = "$(TARGET_NAME)";
				SWIFT_EMIT_LOC_STRINGS = YES;
				SWIFT_VERSION = 5.0;
				TARGETED_DEVICE_FAMILY = "1,2";
			};
			name = Release;
		};
/* End XCBuildConfiguration section */

/* Begin XCConfigurationList section */
		26E9AA2E2A72502500196506 /* Build configuration list for PBXProject "settingTableView" */ = {
			isa = XCConfigurationList;
			buildConfigurations = (
				26E9AA452A72502700196506 /* Debug */,
				26E9AA462A72502700196506 /* Release */,
			);
			defaultConfigurationIsVisible = 0;
			defaultConfigurationName = Release;
		};
		26E9AA472A72502700196506 /* Build configuration list for PBXNativeTarget "settingTableView" */ = {
			isa = XCConfigurationList;
			buildConfigurations = (
				26E9AA482A72502700196506 /* Debug */,
				26E9AA492A72502700196506 /* Release */,
			);
			defaultConfigurationIsVisible = 0;
			defaultConfigurationName = Release;
		};
/* End XCConfigurationList section */
	};
	rootObject = 26E9AA2B2A72502500196506 /* Project object */;
}
